// !$*UTF8*$!
{
	archiveVersion = 1;
	classes = {
	};
	objectVersion = 46;
	objects = {

/* Begin PBXBuildFile section */
		279D3C742E841B9EA97C6862 /* Pods_Tumblr.framework in Frameworks */ = {isa = PBXBuildFile; fileRef = F940167136DDFC3AB6E806B0 /* Pods_Tumblr.framework */; };
		37D0874F1F6A1FD1001B97F1 /* AppDelegate.swift in Sources */ = {isa = PBXBuildFile; fileRef = 37D0874E1F6A1FD1001B97F1 /* AppDelegate.swift */; };
		37D087541F6A1FD1001B97F1 /* Main.storyboard in Resources */ = {isa = PBXBuildFile; fileRef = 37D087521F6A1FD1001B97F1 /* Main.storyboard */; };
		37D087561F6A1FD1001B97F1 /* Assets.xcassets in Resources */ = {isa = PBXBuildFile; fileRef = 37D087551F6A1FD1001B97F1 /* Assets.xcassets */; };
		37D087591F6A1FD1001B97F1 /* LaunchScreen.storyboard in Resources */ = {isa = PBXBuildFile; fileRef = 37D087571F6A1FD1001B97F1 /* LaunchScreen.storyboard */; };
		37D087611F6A2287001B97F1 /* PhotosViewController.swift in Sources */ = {isa = PBXBuildFile; fileRef = 37D087601F6A2287001B97F1 /* PhotosViewController.swift */; };
		37D087651F6A27EF001B97F1 /* PhotoCell.swift in Sources */ = {isa = PBXBuildFile; fileRef = 37D087641F6A27EF001B97F1 /* PhotoCell.swift */; };
		37D087691F6A2DD3001B97F1 /* PhotoDetailsViewController.swift in Sources */ = {isa = PBXBuildFile; fileRef = 37D087681F6A2DD3001B97F1 /* PhotoDetailsViewController.swift */; };
/* End PBXBuildFile section */

/* Begin PBXFileReference section */
		11FC07219C7A94D92FD971ED /* Pods-Tumblr.release.xcconfig */ = {isa = PBXFileReference; includeInIndex = 1; lastKnownFileType = text.xcconfig; name = "Pods-Tumblr.release.xcconfig"; path = "Pods/Target Support Files/Pods-Tumblr/Pods-Tumblr.release.xcconfig"; sourceTree = "<group>"; };
		37D0874B1F6A1FD1001B97F1 /* Tumblr.app */ = {isa = PBXFileReference; explicitFileType = wrapper.application; includeInIndex = 0; path = Tumblr.app; sourceTree = BUILT_PRODUCTS_DIR; };
		37D0874E1F6A1FD1001B97F1 /* AppDelegate.swift */ = {isa = PBXFileReference; lastKnownFileType = sourcecode.swift; path = AppDelegate.swift; sourceTree = "<group>"; };
		37D087531F6A1FD1001B97F1 /* Base */ = {isa = PBXFileReference; lastKnownFileType = file.storyboard; name = Base; path = Base.lproj/Main.storyboard; sourceTree = "<group>"; };
		37D087551F6A1FD1001B97F1 /* Assets.xcassets */ = {isa = PBXFileReference; lastKnownFileType = folder.assetcatalog; path = Assets.xcassets; sourceTree = "<group>"; };
		37D087581F6A1FD1001B97F1 /* Base */ = {isa = PBXFileReference; lastKnownFileType = file.storyboard; name = Base; path = Base.lproj/LaunchScreen.storyboard; sourceTree = "<group>"; };
		37D0875A1F6A1FD1001B97F1 /* Info.plist */ = {isa = PBXFileReference; lastKnownFileType = text.plist.xml; path = Info.plist; sourceTree = "<group>"; };
		37D087601F6A2287001B97F1 /* PhotosViewController.swift */ = {isa = PBXFileReference; fileEncoding = 4; lastKnownFileType = sourcecode.swift; path = PhotosViewController.swift; sourceTree = "<group>"; };
		37D087641F6A27EF001B97F1 /* PhotoCell.swift */ = {isa = PBXFileReference; fileEncoding = 4; lastKnownFileType = sourcecode.swift; path = PhotoCell.swift; sourceTree = "<group>"; };
		37D087681F6A2DD3001B97F1 /* PhotoDetailsViewController.swift */ = {isa = PBXFileReference; fileEncoding = 4; lastKnownFileType = sourcecode.swift; path = PhotoDetailsViewController.swift; sourceTree = "<group>"; };
		A842F312BF62B1C1C9E54A25 /* Pods-Tumblr.debug.xcconfig */ = {isa = PBXFileReference; includeInIndex = 1; lastKnownFileType = text.xcconfig; name = "Pods-Tumblr.debug.xcconfig"; path = "Pods/Target Support Files/Pods-Tumblr/Pods-Tumblr.debug.xcconfig"; sourceTree = "<group>"; };
		F940167136DDFC3AB6E806B0 /* Pods_Tumblr.framework */ = {isa = PBXFileReference; explicitFileType = wrapper.framework; includeInIndex = 0; path = Pods_Tumblr.framework; sourceTree = BUILT_PRODUCTS_DIR; };
/* End PBXFileReference section */

/* Begin PBXFrameworksBuildPhase section */
		37D087481F6A1FD1001B97F1 /* Frameworks */ = {
			isa = PBXFrameworksBuildPhase;
			buildActionMask = 2147483647;
			files = (
				279D3C742E841B9EA97C6862 /* Pods_Tumblr.framework in Frameworks */,
			);
			runOnlyForDeploymentPostprocessing = 0;
		};
/* End PBXFrameworksBuildPhase section */

/* Begin PBXGroup section */
		2AB6525DCBCFC38F870D5FFE /* Frameworks */ = {
			isa = PBXGroup;
			children = (
				F940167136DDFC3AB6E806B0 /* Pods_Tumblr.framework */,
			);
			name = Frameworks;
			sourceTree = "<group>";
		};
		37D087421F6A1FD1001B97F1 = {
			isa = PBXGroup;
			children = (
				37D0874D1F6A1FD1001B97F1 /* Tumblr */,
				37D0874C1F6A1FD1001B97F1 /* Products */,
				41A296AB314F3AC69F65C6D1 /* Pods */,
				2AB6525DCBCFC38F870D5FFE /* Frameworks */,
			);
			sourceTree = "<group>";
		};
		37D0874C1F6A1FD1001B97F1 /* Products */ = {
			isa = PBXGroup;
			children = (
				37D0874B1F6A1FD1001B97F1 /* Tumblr.app */,
			);
			name = Products;
			sourceTree = "<group>";
		};
		37D0874D1F6A1FD1001B97F1 /* Tumblr */ = {
			isa = PBXGroup;
			children = (
				37D0874E1F6A1FD1001B97F1 /* AppDelegate.swift */,
				37D087521F6A1FD1001B97F1 /* Main.storyboard */,
				37D087551F6A1FD1001B97F1 /* Assets.xcassets */,
				37D087571F6A1FD1001B97F1 /* LaunchScreen.storyboard */,
				37D0875A1F6A1FD1001B97F1 /* Info.plist */,
				37D087601F6A2287001B97F1 /* PhotosViewController.swift */,
				37D087641F6A27EF001B97F1 /* PhotoCell.swift */,
				37D087681F6A2DD3001B97F1 /* PhotoDetailsViewController.swift */,
			);
			path = Tumblr;
			sourceTree = "<group>";
		};
		41A296AB314F3AC69F65C6D1 /* Pods */ = {
			isa = PBXGroup;
			children = (
				A842F312BF62B1C1C9E54A25 /* Pods-Tumblr.debug.xcconfig */,
				11FC07219C7A94D92FD971ED /* Pods-Tumblr.release.xcconfig */,
			);
			name = Pods;
			sourceTree = "<group>";
		};
/* End PBXGroup section */

/* Begin PBXNativeTarget section */
		37D0874A1F6A1FD1001B97F1 /* Tumblr */ = {
			isa = PBXNativeTarget;
			buildConfigurationList = 37D0875D1F6A1FD1001B97F1 /* Build configuration list for PBXNativeTarget "Tumblr" */;
			buildPhases = (
				C9F8762173267FE49AFB5ADA /* [CP] Check Pods Manifest.lock */,
				37D087471F6A1FD1001B97F1 /* Sources */,
				37D087481F6A1FD1001B97F1 /* Frameworks */,
				37D087491F6A1FD1001B97F1 /* Resources */,
				78396DD14D8B48812293715B /* [CP] Embed Pods Frameworks */,
				7D83B40C54965652F7FF1646 /* [CP] Copy Pods Resources */,
			);
			buildRules = (
			);
			dependencies = (
			);
			name = Tumblr;
			productName = Tumblr;
			productReference = 37D0874B1F6A1FD1001B97F1 /* Tumblr.app */;
			productType = "com.apple.product-type.application";
		};
/* End PBXNativeTarget section */

/* Begin PBXProject section */
		37D087431F6A1FD1001B97F1 /* Project object */ = {
			isa = PBXProject;
			attributes = {
				LastSwiftUpdateCheck = 0830;
				LastUpgradeCheck = 0830;
				ORGANIZATIONNAME = "Paul Sokolik";
				TargetAttributes = {
					37D0874A1F6A1FD1001B97F1 = {
						CreatedOnToolsVersion = 8.3.3;
						ProvisioningStyle = Automatic;
					};
				};
			};
			buildConfigurationList = 37D087461F6A1FD1001B97F1 /* Build configuration list for PBXProject "Tumblr" */;
			compatibilityVersion = "Xcode 3.2";
			developmentRegion = English;
			hasScannedForEncodings = 0;
			knownRegions = (
				en,
				Base,
			);
			mainGroup = 37D087421F6A1FD1001B97F1;
			productRefGroup = 37D0874C1F6A1FD1001B97F1 /* Products */;
			projectDirPath = "";
			projectRoot = "";
			targets = (
				37D0874A1F6A1FD1001B97F1 /* Tumblr */,
			);
		};
/* End PBXProject section */

/* Begin PBXResourcesBuildPhase section */
		37D087491F6A1FD1001B97F1 /* Resources */ = {
			isa = PBXResourcesBuildPhase;
			buildActionMask = 2147483647;
			files = (
				37D087591F6A1FD1001B97F1 /* LaunchScreen.storyboard in Resources */,
				37D087561F6A1FD1001B97F1 /* Assets.xcassets in Resources */,
				37D087541F6A1FD1001B97F1 /* Main.storyboard in Resources */,
			);
			runOnlyForDeploymentPostprocessing = 0;
		};
/* End PBXResourcesBuildPhase section */

/* Begin PBXShellScriptBuildPhase section */
		78396DD14D8B48812293715B /* [CP] Embed Pods Frameworks */ = {
			isa = PBXShellScriptBuildPhase;
			buildActionMask = 2147483647;
			files = (
			);
			inputPaths = (
				"${SRCROOT}/Pods/Target Support Files/Pods-Tumblr/Pods-Tumblr-frameworks.sh",
				"${BUILT_PRODUCTS_DIR}/AFNetworking/AFNetworking.framework",
			);
			name = "[CP] Embed Pods Frameworks";
			outputPaths = (
				"${TARGET_BUILD_DIR}/${FRAMEWORKS_FOLDER_PATH}/AFNetworking.framework",
			);
			runOnlyForDeploymentPostprocessing = 0;
			shellPath = /bin/sh;
			shellScript = "\"${SRCROOT}/Pods/Target Support Files/Pods-Tumblr/Pods-Tumblr-frameworks.sh\"\n";
			showEnvVarsInLog = 0;
		};
		7D83B40C54965652F7FF1646 /* [CP] Copy Pods Resources */ = {
			isa = PBXShellScriptBuildPhase;
			buildActionMask = 2147483647;
			files = (
			);
			inputPaths = (
			);
			name = "[CP] Copy Pods Resources";
			outputPaths = (
			);
			runOnlyForDeploymentPostprocessing = 0;
			shellPath = /bin/sh;
			shellScript = "\"${SRCROOT}/Pods/Target Support Files/Pods-Tumblr/Pods-Tumblr-resources.sh\"\n";
			showEnvVarsInLog = 0;
		};
		C9F8762173267FE49AFB5ADA /* [CP] Check Pods Manifest.lock */ = {
			isa = PBXShellScriptBuildPhase;
			buildActionMask = 2147483647;
			files = (
			);
			inputPaths = (
				"${PODS_PODFILE_DIR_PATH}/Podfile.lock",
				"${PODS_ROOT}/Manifest.lock",
			);
			name = "[CP] Check Pods Manifest.lock";
			outputPaths = (
				"$(DERIVED_FILE_DIR)/Pods-Tumblr-checkManifestLockResult.txt",
			);
			runOnlyForDeploymentPostprocessing = 0;
			shellPath = /bin/sh;
			shellScript = "diff \"${PODS_PODFILE_DIR_PATH}/Podfile.lock\" \"${PODS_ROOT}/Manifest.lock\" > /dev/null\nif [ $? != 0 ] ; then\n    # print error to STDERR\n    echo \"error: The sandbox is not in sync with the Podfile.lock. Run 'pod install' or update your CocoaPods installation.\" >&2\n    exit 1\nfi\n# This output is used by Xcode 'outputs' to avoid re-running this script phase.\necho \"SUCCESS\" > \"${SCRIPT_OUTPUT_FILE_0}\"\n";
			showEnvVarsInLog = 0;
		};
/* End PBXShellScriptBuildPhase section */

/* Begin PBXSourcesBuildPhase section */
		37D087471F6A1FD1001B97F1 /* Sources */ = {
			isa = PBXSourcesBuildPhase;
			buildActionMask = 2147483647;
			files = (
				37D087691F6A2DD3001B97F1 /* PhotoDetailsViewController.swift in Sources */,
				37D0874F1F6A1FD1001B97F1 /* AppDelegate.swift in Sources */,
				37D087651F6A27EF001B97F1 /* PhotoCell.swift in Sources */,
				37D087611F6A2287001B97F1 /* PhotosViewController.swift in Sources */,
			);
			runOnlyForDeploymentPostprocessing = 0;
		};
/* End PBXSourcesBuildPhase section */

/* Begin PBXVariantGroup section */
		37D087521F6A1FD1001B97F1 /* Main.storyboard */ = {
			isa = PBXVariantGroup;
			children = (
				37D087531F6A1FD1001B97F1 /* Base */,
			);
			name = Main.storyboard;
			sourceTree = "<group>";
		};
		37D087571F6A1FD1001B97F1 /* LaunchScreen.storyboard */ = {
			isa = PBXVariantGroup;
			children = (
				37D087581F6A1FD1001B97F1 /* Base */,
			);
			name = LaunchScreen.storyboard;
			sourceTree = "<group>";
		};
/* End PBXVariantGroup section */

/* Begin XCBuildConfiguration section */
		37D0875B1F6A1FD1001B97F1 /* Debug */ = {
			isa = XCBuildConfiguration;
			buildSettings = {
				ALWAYS_SEARCH_USER_PATHS = NO;
				CLANG_ANALYZER_NONNULL = YES;
				CLANG_ANALYZER_NUMBER_OBJECT_CONVERSION = YES_AGGRESSIVE;
				CLANG_CXX_LANGUAGE_STANDARD = "gnu++0x";
				CLANG_CXX_LIBRARY = "libc++";
				CLANG_ENABLE_MODULES = YES;
				CLANG_ENABLE_OBJC_ARC = YES;
				CLANG_WARN_BOOL_CONVERSION = YES;
				CLANG_WARN_CONSTANT_CONVERSION = YES;
				CLANG_WARN_DIRECT_OBJC_ISA_USAGE = YES_ERROR;
				CLANG_WARN_DOCUMENTATION_COMMENTS = YES;
				CLANG_WARN_EMPTY_BODY = YES;
				CLANG_WARN_ENUM_CONVERSION = YES;
				CLANG_WARN_INFINITE_RECURSION = YES;
				CLANG_WARN_INT_CONVERSION = YES;
				CLANG_WARN_OBJC_ROOT_CLASS = YES_ERROR;
				CLANG_WARN_SUSPICIOUS_MOVE = YES;
				CLANG_WARN_UNREACHABLE_CODE = YES;
				CLANG_WARN__DUPLICATE_METHOD_MATCH = YES;
				"CODE_SIGN_IDENTITY[sdk=iphoneos*]" = "iPhone Developer";
				COPY_PHASE_STRIP = NO;
				DEBUG_INFORMATION_FORMAT = dwarf;
				ENABLE_STRICT_OBJC_MSGSEND = YES;
				ENABLE_TESTABILITY = YES;
				GCC_C_LANGUAGE_STANDARD = gnu99;
				GCC_DYNAMIC_NO_PIC = NO;
				GCC_NO_COMMON_BLOCKS = YES;
				GCC_OPTIMIZATION_LEVEL = 0;
				GCC_PREPROCESSOR_DEFINITIONS = (
					"DEBUG=1",
					"$(inherited)",
				);
				GCC_WARN_64_TO_32_BIT_CONVERSION = YES;
				GCC_WARN_ABOUT_RETURN_TYPE = YES_ERROR;
				GCC_WARN_UNDECLARED_SELECTOR = YES;
				GCC_WARN_UNINITIALIZED_AUTOS = YES_AGGRESSIVE;
				GCC_WARN_UNUSED_FUNCTION = YES;
				GCC_WARN_UNUSED_VARIABLE = YES;
				IPHONEOS_DEPLOYMENT_TARGET = 10.3;
				MTL_ENABLE_DEBUG_INFO = YES;
				ONLY_ACTIVE_ARCH = YES;
				SDKROOT = iphoneos;
				SWIFT_ACTIVE_COMPILATION_CONDITIONS = DEBUG;
				SWIFT_OPTIMIZATION_LEVEL = "-Onone";
				TARGETED_DEVICE_FAMILY = "1,2";
			};
			name = Debug;
		};
		37D0875C1F6A1FD1001B97F1 /* Release */ = {
			isa = XCBuildConfiguration;
			buildSettings = {
				ALWAYS_SEARCH_USER_PATHS = NO;
				CLANG_ANALYZER_NONNULL = YES;
				CLANG_ANALYZER_NUMBER_OBJECT_CONVERSION = YES_AGGRESSIVE;
				CLANG_CXX_LANGUAGE_STANDARD = "gnu++0x";
				CLANG_CXX_LIBRARY = "libc++";
				CLANG_ENABLE_MODULES = YES;
				CLANG_ENABLE_OBJC_ARC = YES;
				CLANG_WARN_BOOL_CONVERSION = YES;
				CLANG_WARN_CONSTANT_CONVERSION = YES;
				CLANG_WARN_DIRECT_OBJC_ISA_USAGE = YES_ERROR;
				CLANG_WARN_DOCUMENTATION_COMMENTS = YES;
				CLANG_WARN_EMPTY_BODY = YES;
				CLANG_WARN_ENUM_CONVERSION = YES;
				CLANG_WARN_INFINITE_RECURSION = YES;
				CLANG_WARN_INT_CONVERSION = YES;
				CLANG_WARN_OBJC_ROOT_CLASS = YES_ERROR;
				CLANG_WARN_SUSPICIOUS_MOVE = YES;
				CLANG_WARN_UNREACHABLE_CODE = YES;
				CLANG_WARN__DUPLICATE_METHOD_MATCH = YES;
				"CODE_SIGN_IDENTITY[sdk=iphoneos*]" = "iPhone Developer";
				COPY_PHASE_STRIP = NO;
				DEBUG_INFORMATION_FORMAT = "dwarf-with-dsym";
				ENABLE_NS_ASSERTIONS = NO;
				ENABLE_STRICT_OBJC_MSGSEND = YES;
				GCC_C_LANGUAGE_STANDARD = gnu99;
				GCC_NO_COMMON_BLOCKS = YES;
				GCC_WARN_64_TO_32_BIT_CONVERSION = YES;
				GCC_WARN_ABOUT_RETURN_TYPE = YES_ERROR;
				GCC_WARN_UNDECLARED_SELECTOR = YES;
				GCC_WARN_UNINITIALIZED_AUTOS = YES_AGGRESSIVE;
				GCC_WARN_UNUSED_FUNCTION = YES;
				GCC_WARN_UNUSED_VARIABLE = YES;
				IPHONEOS_DEPLOYMENT_TARGET = 10.3;
				MTL_ENABLE_DEBUG_INFO = NO;
				SDKROOT = iphoneos;
				SWIFT_OPTIMIZATION_LEVEL = "-Owholemodule";
				TARGETED_DEVICE_FAMILY = "1,2";
				VALIDATE_PRODUCT = YES;
			};
			name = Release;
		};
		37D0875E1F6A1FD1001B97F1 /* Debug */ = {
			isa = XCBuildConfiguration;
			baseConfigurationReference = A842F312BF62B1C1C9E54A25 /* Pods-Tumblr.debug.xcconfig */;
			buildSettings = {
				ASSETCATALOG_COMPILER_APPICON_NAME = AppIcon;
				INFOPLIST_FILE = Tumblr/Info.plist;
				LD_RUNPATH_SEARCH_PATHS = "$(inherited) @executable_path/Frameworks";
				PRODUCT_BUNDLE_IDENTIFIER = "Paul-Sokolik.Tumblr";
				PRODUCT_NAME = "$(TARGET_NAME)";
				SWIFT_VERSION = 3.0;
			};
			name = Debug;
		};
		37D0875F1F6A1FD1001B97F1 /* Release */ = {
			isa = XCBuildConfiguration;
			baseConfigurationReference = 11FC07219C7A94D92FD971ED /* Pods-Tumblr.release.xcconfig */;
			buildSettings = {
				ASSETCATALOG_COMPILER_APPICON_NAME = AppIcon;
				INFOPLIST_FILE = Tumblr/Info.plist;
				LD_RUNPATH_SEARCH_PATHS = "$(inherited) @executable_path/Frameworks";
				PRODUCT_BUNDLE_IDENTIFIER = "Paul-Sokolik.Tumblr";
				PRODUCT_NAME = "$(TARGET_NAME)";
				SWIFT_VERSION = 3.0;
			};
			name = Release;
		};
/* End XCBuildConfiguration section */

/* Begin XCConfigurationList section */
		37D087461F6A1FD1001B97F1 /* Build configuration list for PBXProject "Tumblr" */ = {
			isa = XCConfigurationList;
			buildConfigurations = (
				37D0875B1F6A1FD1001B97F1 /* Debug */,
				37D0875C1F6A1FD1001B97F1 /* Release */,
			);
			defaultConfigurationIsVisible = 0;
			defaultConfigurationName = Release;
		};
		37D0875D1F6A1FD1001B97F1 /* Build configuration list for PBXNativeTarget "Tumblr" */ = {
			isa = XCConfigurationList;
			buildConfigurations = (
				37D0875E1F6A1FD1001B97F1 /* Debug */,
				37D0875F1F6A1FD1001B97F1 /* Release */,
			);
			defaultConfigurationIsVisible = 0;
			defaultConfigurationName = Release;
		};
/* End XCConfigurationList section */
	};
	rootObject = 37D087431F6A1FD1001B97F1 /* Project object */;
}
